// !$*UTF8*$!
{
	archiveVersion = 1;
	classes = {
	};
	objectVersion = 50;
	objects = {

/* Begin PBXBuildFile section */
		4141CC6126800C9000B25235 /* AppDelegate.swift in Sources */ = {isa = PBXBuildFile; fileRef = 4141CC6026800C9000B25235 /* AppDelegate.swift */; };
		4141CC6326800C9000B25235 /* SceneDelegate.swift in Sources */ = {isa = PBXBuildFile; fileRef = 4141CC6226800C9000B25235 /* SceneDelegate.swift */; };
		4141CC6526800C9000B25235 /* ViewController.swift in Sources */ = {isa = PBXBuildFile; fileRef = 4141CC6426800C9000B25235 /* ViewController.swift */; };
		4141CC6826800C9000B25235 /* Main.storyboard in Resources */ = {isa = PBXBuildFile; fileRef = 4141CC6626800C9000B25235 /* Main.storyboard */; };
		4141CC6A26800C9900B25235 /* Assets.xcassets in Resources */ = {isa = PBXBuildFile; fileRef = 4141CC6926800C9900B25235 /* Assets.xcassets */; };
		4141CC6D26800C9900B25235 /* LaunchScreen.storyboard in Resources */ = {isa = PBXBuildFile; fileRef = 4141CC6B26800C9900B25235 /* LaunchScreen.storyboard */; };
		4141CC752680123100B25235 /* Observable.swift in Sources */ = {isa = PBXBuildFile; fileRef = 4141CC742680123100B25235 /* Observable.swift */; };
		4141CC77268012A900B25235 /* User.swift in Sources */ = {isa = PBXBuildFile; fileRef = 4141CC76268012A900B25235 /* User.swift */; };
		4141CC7B2680133900B25235 /* UserListViewModel.swift in Sources */ = {isa = PBXBuildFile; fileRef = 4141CC7A2680133900B25235 /* UserListViewModel.swift */; };
/* End PBXBuildFile section */

/* Begin PBXFileReference section */
		4141CC5D26800C9000B25235 /* MVVM-Sample.app */ = {isa = PBXFileReference; explicitFileType = wrapper.application; includeInIndex = 0; path = "MVVM-Sample.app"; sourceTree = BUILT_PRODUCTS_DIR; };
		4141CC6026800C9000B25235 /* AppDelegate.swift */ = {isa = PBXFileReference; lastKnownFileType = sourcecode.swift; path = AppDelegate.swift; sourceTree = "<group>"; };
		4141CC6226800C9000B25235 /* SceneDelegate.swift */ = {isa = PBXFileReference; lastKnownFileType = sourcecode.swift; path = SceneDelegate.swift; sourceTree = "<group>"; };
		4141CC6426800C9000B25235 /* ViewController.swift */ = {isa = PBXFileReference; lastKnownFileType = sourcecode.swift; path = ViewController.swift; sourceTree = "<group>"; };
		4141CC6726800C9000B25235 /* Base */ = {isa = PBXFileReference; lastKnownFileType = file.storyboard; name = Base; path = Base.lproj/Main.storyboard; sourceTree = "<group>"; };
		4141CC6926800C9900B25235 /* Assets.xcassets */ = {isa = PBXFileReference; lastKnownFileType = folder.assetcatalog; path = Assets.xcassets; sourceTree = "<group>"; };
		4141CC6C26800C9900B25235 /* Base */ = {isa = PBXFileReference; lastKnownFileType = file.storyboard; name = Base; path = Base.lproj/LaunchScreen.storyboard; sourceTree = "<group>"; };
		4141CC6E26800C9900B25235 /* Info.plist */ = {isa = PBXFileReference; lastKnownFileType = text.plist.xml; path = Info.plist; sourceTree = "<group>"; };
		4141CC742680123100B25235 /* Observable.swift */ = {isa = PBXFileReference; lastKnownFileType = sourcecode.swift; path = Observable.swift; sourceTree = "<group>"; };
		4141CC76268012A900B25235 /* User.swift */ = {isa = PBXFileReference; lastKnownFileType = sourcecode.swift; path = User.swift; sourceTree = "<group>"; };
		4141CC7A2680133900B25235 /* UserListViewModel.swift */ = {isa = PBXFileReference; lastKnownFileType = sourcecode.swift; path = UserListViewModel.swift; sourceTree = "<group>"; };
/* End PBXFileReference section */

/* Begin PBXFrameworksBuildPhase section */
		4141CC5A26800C9000B25235 /* Frameworks */ = {
			isa = PBXFrameworksBuildPhase;
			buildActionMask = 2147483647;
			files = (
			);
			runOnlyForDeploymentPostprocessing = 0;
		};
/* End PBXFrameworksBuildPhase section */

/* Begin PBXGroup section */
		4141CC5426800C9000B25235 = {
			isa = PBXGroup;
			children = (
				4141CC5F26800C9000B25235 /* MVVM-Sample */,
				4141CC5E26800C9000B25235 /* Products */,
			);
			sourceTree = "<group>";
		};
		4141CC5E26800C9000B25235 /* Products */ = {
			isa = PBXGroup;
			children = (
				4141CC5D26800C9000B25235 /* MVVM-Sample.app */,
			);
			name = Products;
			sourceTree = "<group>";
		};
		4141CC5F26800C9000B25235 /* MVVM-Sample */ = {
			isa = PBXGroup;
			children = (
				4141CC6026800C9000B25235 /* AppDelegate.swift */,
				4141CC6226800C9000B25235 /* SceneDelegate.swift */,
				4141CC6426800C9000B25235 /* ViewController.swift */,
				4141CC76268012A900B25235 /* User.swift */,
				4141CC7A2680133900B25235 /* UserListViewModel.swift */,
				4141CC742680123100B25235 /* Observable.swift */,
				4141CC6626800C9000B25235 /* Main.storyboard */,
				4141CC6926800C9900B25235 /* Assets.xcassets */,
				4141CC6B26800C9900B25235 /* LaunchScreen.storyboard */,
				4141CC6E26800C9900B25235 /* Info.plist */,
			);
			path = "MVVM-Sample";
			sourceTree = "<group>";
		};
/* End PBXGroup section */

/* Begin PBXNativeTarget section */
		4141CC5C26800C9000B25235 /* MVVM-Sample */ = {
			isa = PBXNativeTarget;
			buildConfigurationList = 4141CC7126800C9900B25235 /* Build configuration list for PBXNativeTarget "MVVM-Sample" */;
			buildPhases = (
				4141CC5926800C9000B25235 /* Sources */,
				4141CC5A26800C9000B25235 /* Frameworks */,
				4141CC5B26800C9000B25235 /* Resources */,
			);
			buildRules = (
			);
			dependencies = (
			);
			name = "MVVM-Sample";
			productName = "MVVM-Sample";
			productReference = 4141CC5D26800C9000B25235 /* MVVM-Sample.app */;
			productType = "com.apple.product-type.application";
		};
/* End PBXNativeTarget section */

/* Begin PBXProject section */
		4141CC5526800C9000B25235 /* Project object */ = {
			isa = PBXProject;
			attributes = {
				LastSwiftUpdateCheck = 1250;
				LastUpgradeCheck = 1250;
				TargetAttributes = {
					4141CC5C26800C9000B25235 = {
						CreatedOnToolsVersion = 12.5;
					};
				};
			};
			buildConfigurationList = 4141CC5826800C9000B25235 /* Build configuration list for PBXProject "MVVM-Sample" */;
			compatibilityVersion = "Xcode 9.3";
			developmentRegion = en;
			hasScannedForEncodings = 0;
			knownRegions = (
				en,
				Base,
			);
			mainGroup = 4141CC5426800C9000B25235;
			productRefGroup = 4141CC5E26800C9000B25235 /* Products */;
			projectDirPath = "";
			projectRoot = "";
			targets = (
				4141CC5C26800C9000B25235 /* MVVM-Sample */,
			);
		};
/* End PBXProject section */

/* Begin PBXResourcesBuildPhase section */
		4141CC5B26800C9000B25235 /* Resources */ = {
			isa = PBXResourcesBuildPhase;
			buildActionMask = 2147483647;
			files = (
				4141CC6D26800C9900B25235 /* LaunchScreen.storyboard in Resources */,
				4141CC6A26800C9900B25235 /* Assets.xcassets in Resources */,
				4141CC6826800C9000B25235 /* Main.storyboard in Resources */,
			);
			runOnlyForDeploymentPostprocessing = 0;
		};
/* End PBXResourcesBuildPhase section */

/* Begin PBXSourcesBuildPhase section */
		4141CC5926800C9000B25235 /* Sources */ = {
			isa = PBXSourcesBuildPhase;
			buildActionMask = 2147483647;
			files = (
				4141CC752680123100B25235 /* Observable.swift in Sources */,
				4141CC7B2680133900B25235 /* UserListViewModel.swift in Sources */,
				4141CC6526800C9000B25235 /* ViewController.swift in Sources */,
				4141CC6126800C9000B25235 /* AppDelegate.swift in Sources */,
				4141CC77268012A900B25235 /* User.swift in Sources */,
				4141CC6326800C9000B25235 /* SceneDelegate.swift in Sources */,
			);
			runOnlyForDeploymentPostprocessing = 0;
		};
/* End PBXSourcesBuildPhase section */

/* Begin PBXVariantGroup section */
		4141CC6626800C9000B25235 /* Main.storyboard */ = {
			isa = PBXVariantGroup;
			children = (
				4141CC6726800C9000B25235 /* Base */,
			);
			name = Main.storyboard;
			sourceTree = "<group>";
		};
		4141CC6B26800C9900B25235 /* LaunchScreen.storyboard */ = {
			isa = PBXVariantGroup;
			children = (
				4141CC6C26800C9900B25235 /* Base */,
			);
			name = LaunchScreen.storyboard;
			sourceTree = "<group>";
		};
/* End PBXVariantGroup section */

/* Begin XCBuildConfiguration section */
		4141CC6F26800C9900B25235 /* Debug */ = {
			isa = XCBuildConfiguration;
			buildSettings = {
				ALWAYS_SEARCH_USER_PATHS = NO;
				CLANG_ANALYZER_NONNULL = YES;
				CLANG_ANALYZER_NUMBER_OBJECT_CONVERSION = YES_AGGRESSIVE;
				CLANG_CXX_LANGUAGE_STANDARD = "gnu++14";
				CLANG_CXX_LIBRARY = "libc++";
				CLANG_ENABLE_MODULES = YES;
				CLANG_ENABLE_OBJC_ARC = YES;
				CLANG_ENABLE_OBJC_WEAK = YES;
				CLANG_WARN_BLOCK_CAPTURE_AUTORELEASING = YES;
				CLANG_WARN_BOOL_CONVERSION = YES;
				CLANG_WARN_COMMA = YES;
				CLANG_WARN_CONSTANT_CONVERSION = YES;
				CLANG_WARN_DEPRECATED_OBJC_IMPLEMENTATIONS = YES;
				CLANG_WARN_DIRECT_OBJC_ISA_USAGE = YES_ERROR;
				CLANG_WARN_DOCUMENTATION_COMMENTS = YES;
				CLANG_WARN_EMPTY_BODY = YES;
				CLANG_WARN_ENUM_CONVERSION = YES;
				CLANG_WARN_INFINITE_RECURSION = YES;
				CLANG_WARN_INT_CONVERSION = YES;
				CLANG_WARN_NON_LITERAL_NULL_CONVERSION = YES;
				CLANG_WARN_OBJC_IMPLICIT_RETAIN_SELF = YES;
				CLANG_WARN_OBJC_LITERAL_CONVERSION = YES;
				CLANG_WARN_OBJC_ROOT_CLASS = YES_ERROR;
				CLANG_WARN_QUOTED_INCLUDE_IN_FRAMEWORK_HEADER = YES;
				CLANG_WARN_RANGE_LOOP_ANALYSIS = YES;
				CLANG_WARN_STRICT_PROTOTYPES = YES;
				CLANG_WARN_SUSPICIOUS_MOVE = YES;
				CLANG_WARN_UNGUARDED_AVAILABILITY = YES_AGGRESSIVE;
				CLANG_WARN_UNREACHABLE_CODE = YES;
				CLANG_WARN__DUPLICATE_METHOD_MATCH = YES;
				COPY_PHASE_STRIP = NO;
				DEBUG_INFORMATION_FORMAT = dwarf;
				ENABLE_STRICT_OBJC_MSGSEND = YES;
				ENABLE_TESTABILITY = YES;
				GCC_C_LANGUAGE_STANDARD = gnu11;
				GCC_DYNAMIC_NO_PIC = NO;
				GCC_NO_COMMON_BLOCKS = YES;
				GCC_OPTIMIZATION_LEVEL = 0;
				GCC_PREPROCESSOR_DEFINITIONS = (
					"DEBUG=1",
					"$(inherited)",
				);
				GCC_WARN_64_TO_32_BIT_CONVERSION = YES;
				GCC_WARN_ABOUT_RETURN_TYPE = YES_ERROR;
				GCC_WARN_UNDECLARED_SELECTOR = YES;
				GCC_WARN_UNINITIALIZED_AUTOS = YES_AGGRESSIVE;
				GCC_WARN_UNUSED_FUNCTION = YES;
				GCC_WARN_UNUSED_VARIABLE = YES;
				IPHONEOS_DEPLOYMENT_TARGET = 14.5;
				MTL_ENABLE_DEBUG_INFO = INCLUDE_SOURCE;
				MTL_FAST_MATH = YES;
				ONLY_ACTIVE_ARCH = YES;
				SDKROOT = iphoneos;
				SWIFT_ACTIVE_COMPILATION_CONDITIONS = DEBUG;
				SWIFT_OPTIMIZATION_LEVEL = "-Onone";
			};
			name = Debug;
		};
		4141CC7026800C9900B25235 /* Release */ = {
			isa = XCBuildConfiguration;
			buildSettings = {
				ALWAYS_SEARCH_USER_PATHS = NO;
				CLANG_ANALYZER_NONNULL = YES;
				CLANG_ANALYZER_NUMBER_OBJECT_CONVERSION = YES_AGGRESSIVE;
				CLANG_CXX_LANGUAGE_STANDARD = "gnu++14";
				CLANG_CXX_LIBRARY = "libc++";
				CLANG_ENABLE_MODULES = YES;
				CLANG_ENABLE_OBJC_ARC = YES;
				CLANG_ENABLE_OBJC_WEAK = YES;
				CLANG_WARN_BLOCK_CAPTURE_AUTORELEASING = YES;
				CLANG_WARN_BOOL_CONVERSION = YES;
				CLANG_WARN_COMMA = YES;
				CLANG_WARN_CONSTANT_CONVERSION = YES;
				CLANG_WARN_DEPRECATED_OBJC_IMPLEMENTATIONS = YES;
				CLANG_WARN_DIRECT_OBJC_ISA_USAGE = YES_ERROR;
				CLANG_WARN_DOCUMENTATION_COMMENTS = YES;
				CLANG_WARN_EMPTY_BODY = YES;
				CLANG_WARN_ENUM_CONVERSION = YES;
				CLANG_WARN_INFINITE_RECURSION = YES;
				CLANG_WARN_INT_CONVERSION = YES;
				CLANG_WARN_NON_LITERAL_NULL_CONVERSION = YES;
				CLANG_WARN_OBJC_IMPLICIT_RETAIN_SELF = YES;
				CLANG_WARN_OBJC_LITERAL_CONVERSION = YES;
				CLANG_WARN_OBJC_ROOT_CLASS = YES_ERROR;
				CLANG_WARN_QUOTED_INCLUDE_IN_FRAMEWORK_HEADER = YES;
				CLANG_WARN_RANGE_LOOP_ANALYSIS = YES;
				CLANG_WARN_STRICT_PROTOTYPES = YES;
				CLANG_WARN_SUSPICIOUS_MOVE = YES;
				CLANG_WARN_UNGUARDED_AVAILABILITY = YES_AGGRESSIVE;
				CLANG_WARN_UNREACHABLE_CODE = YES;
				CLANG_WARN__DUPLICATE_METHOD_MATCH = YES;
				COPY_PHASE_STRIP = NO;
				DEBUG_INFORMATION_FORMAT = "dwarf-with-dsym";
				ENABLE_NS_ASSERTIONS = NO;
				ENABLE_STRICT_OBJC_MSGSEND = YES;
				GCC_C_LANGUAGE_STANDARD = gnu11;
				GCC_NO_COMMON_BLOCKS = YES;
				GCC_WARN_64_TO_32_BIT_CONVERSION = YES;
				GCC_WARN_ABOUT_RETURN_TYPE = YES_ERROR;
				GCC_WARN_UNDECLARED_SELECTOR = YES;
				GCC_WARN_UNINITIALIZED_AUTOS = YES_AGGRESSIVE;
				GCC_WARN_UNUSED_FUNCTION = YES;
				GCC_WARN_UNUSED_VARIABLE = YES;
				IPHONEOS_DEPLOYMENT_TARGET = 14.5;
				MTL_ENABLE_DEBUG_INFO = NO;
				MTL_FAST_MATH = YES;
				SDKROOT = iphoneos;
				SWIFT_COMPILATION_MODE = wholemodule;
				SWIFT_OPTIMIZATION_LEVEL = "-O";
				VALIDATE_PRODUCT = YES;
			};
			name = Release;
		};
		4141CC7226800C9900B25235 /* Debug */ = {
			isa = XCBuildConfiguration;
			buildSettings = {
				ASSETCATALOG_COMPILER_APPICON_NAME = AppIcon;
				ASSETCATALOG_COMPILER_GLOBAL_ACCENT_COLOR_NAME = AccentColor;
				CODE_SIGN_STYLE = Automatic;
				DEVELOPMENT_TEAM = PCCZJUYRT6;
				INFOPLIST_FILE = "MVVM-Sample/Info.plist";
				LD_RUNPATH_SEARCH_PATHS = (
					"$(inherited)",
					"@executable_path/Frameworks",
				);
				PRODUCT_BUNDLE_IDENTIFIER = "com.kazua.MVVM-Sample";
				PRODUCT_NAME = "$(TARGET_NAME)";
				SWIFT_VERSION = 5.0;
				TARGETED_DEVICE_FAMILY = "1,2";
			};
			name = Debug;
		};
		4141CC7326800C9900B25235 /* Release */ = {
			isa = XCBuildConfiguration;
			buildSettings = {
				ASSETCATALOG_COMPILER_APPICON_NAME = AppIcon;
				ASSETCATALOG_COMPILER_GLOBAL_ACCENT_COLOR_NAME = AccentColor;
				CODE_SIGN_STYLE = Automatic;
				DEVELOPMENT_TEAM = PCCZJUYRT6;
				INFOPLIST_FILE = "MVVM-Sample/Info.plist";
				LD_RUNPATH_SEARCH_PATHS = (
					"$(inherited)",
					"@executable_path/Frameworks",
				);
				PRODUCT_BUNDLE_IDENTIFIER = "com.kazua.MVVM-Sample";
				PRODUCT_NAME = "$(TARGET_NAME)";
				SWIFT_VERSION = 5.0;
				TARGETED_DEVICE_FAMILY = "1,2";
			};
			name = Release;
		};
/* End XCBuildConfiguration section */

/* Begin XCConfigurationList section */
		4141CC5826800C9000B25235 /* Build configuration list for PBXProject "MVVM-Sample" */ = {
			isa = XCConfigurationList;
			buildConfigurations = (
				4141CC6F26800C9900B25235 /* Debug */,
				4141CC7026800C9900B25235 /* Release */,
			);
			defaultConfigurationIsVisible = 0;
			defaultConfigurationName = Release;
		};
		4141CC7126800C9900B25235 /* Build configuration list for PBXNativeTarget "MVVM-Sample" */ = {
			isa = XCConfigurationList;
			buildConfigurations = (
				4141CC7226800C9900B25235 /* Debug */,
				4141CC7326800C9900B25235 /* Release */,
			);
			defaultConfigurationIsVisible = 0;
			defaultConfigurationName = Release;
		};
/* End XCConfigurationList section */
	};
	rootObject = 4141CC5526800C9000B25235 /* Project object */;
}
